
Microsoft Visual Studio Solution File, Format Version 12.00
# Visual Studio Version 16
VisualStudioVersion = 16.0.31515.178
MinimumVisualStudioVersion = 10.0.40219.1
Project("{9A19103F-16F7-4668-BE54-9A1E7A4F7556}") = "CCMvNext", "CCMvNext\CCMvNext.csproj", "{C541001E-B654-41B6-85AD-53E670E1B1A4}"
EndProject
Project("{9A19103F-16F7-4668-BE54-9A1E7A4F7556}") = "CCMvNext.Models", "CCMvNext.Models\CCMvNext.Models.csproj", "{717FC4FE-BB56-437D-81BC-746A7F4B9328}"
EndProject
Project("{9A19103F-16F7-4668-BE54-9A1E7A4F7556}") = "CCMvNext.BusinessLogic", "CCMvNext.BusinessLogic\CCMvNext.BusinessLogic.csproj", "{C9F95E7C-FF35-4EF8-97BA-AD47F58BD9C8}"
EndProject
Project("{9A19103F-16F7-4668-BE54-9A1E7A4F7556}") = "CCMvNext.Data", "CCMvNext.Data\CCMvNext.Data.csproj", "{07A2B4FF-B92F-45BC-B89D-4237D458F72D}"
EndProject
Project("{9A19103F-16F7-4668-BE54-9A1E7A4F7556}") = "CCMvNext.Tests", "CCMvNext.Tests\CCMvNext.Tests.csproj", "{3FCD437B-3DC9-4FF8-AD77-57E617FFA5C4}"
EndProject
Project("{9A19103F-16F7-4668-BE54-9A1E7A4F7556}") = "BinaryStrings", "BinaryStrings\BinaryStrings.csproj", "{5191E5D7-71F1-4446-8D1B-724844CE68DB}"
EndProject
Global
	GlobalSection(SolutionConfigurationPlatforms) = preSolution
		Debug|Any CPU = Debug|Any CPU
		Release|Any CPU = Release|Any CPU
	EndGlobalSection
	GlobalSection(ProjectConfigurationPlatforms) = postSolution
		{C541001E-B654-41B6-85AD-53E670E1B1A4}.Debug|Any CPU.ActiveCfg = Debug|Any CPU
		{C541001E-B654-41B6-85AD-53E670E1B1A4}.Debug|Any CPU.Build.0 = Debug|Any CPU
		{C541001E-B654-41B6-85AD-53E670E1B1A4}.Release|Any CPU.ActiveCfg = Release|Any CPU
		{C541001E-B654-41B6-85AD-53E670E1B1A4}.Release|Any CPU.Build.0 = Release|Any CPU
		{717FC4FE-BB56-437D-81BC-746A7F4B9328}.Debug|Any CPU.ActiveCfg = Debug|Any CPU
		{717FC4FE-BB56-437D-81BC-746A7F4B9328}.Debug|Any CPU.Build.0 = Debug|Any CPU
		{717FC4FE-BB56-437D-81BC-746A7F4B9328}.Release|Any CPU.ActiveCfg = Release|Any CPU
		{717FC4FE-BB56-437D-81BC-746A7F4B9328}.Release|Any CPU.Build.0 = Release|Any CPU
		{C9F95E7C-FF35-4EF8-97BA-AD47F58BD9C8}.Debug|Any CPU.ActiveCfg = Debug|Any CPU
		{C9F95E7C-FF35-4EF8-97BA-AD47F58BD9C8}.Debug|Any CPU.Build.0 = Debug|Any CPU
		{C9F95E7C-FF35-4EF8-97BA-AD47F58BD9C8}.Release|Any CPU.ActiveCfg = Release|Any CPU
		{C9F95E7C-FF35-4EF8-97BA-AD47F58BD9C8}.Release|Any CPU.Build.0 = Release|Any CPU
		{07A2B4FF-B92F-45BC-B89D-4237D458F72D}.Debug|Any CPU.ActiveCfg = Debug|Any CPU
		{07A2B4FF-B92F-45BC-B89D-4237D458F72D}.Debug|Any CPU.Build.0 = Debug|Any CPU
		{07A2B4FF-B92F-45BC-B89D-4237D458F72D}.Release|Any CPU.ActiveCfg = Release|Any CPU
		{07A2B4FF-B92F-45BC-B89D-4237D458F72D}.Release|Any CPU.Build.0 = Release|Any CPU
		{3FCD437B-3DC9-4FF8-AD77-57E617FFA5C4}.Debug|Any CPU.ActiveCfg = Debug|Any CPU
		{3FCD437B-3DC9-4FF8-AD77-57E617FFA5C4}.Debug|Any CPU.Build.0 = Debug|Any CPU
		{3FCD437B-3DC9-4FF8-AD77-57E617FFA5C4}.Release|Any CPU.ActiveCfg = Release|Any CPU
		{3FCD437B-3DC9-4FF8-AD77-57E617FFA5C4}.Release|Any CPU.Build.0 = Release|Any CPU
		{5191E5D7-71F1-4446-8D1B-724844CE68DB}.Debug|Any CPU.ActiveCfg = Debug|Any CPU
		{5191E5D7-71F1-4446-8D1B-724844CE68DB}.Debug|Any CPU.Build.0 = Debug|Any CPU
		{5191E5D7-71F1-4446-8D1B-724844CE68DB}.Release|Any CPU.ActiveCfg = Release|Any CPU
		{5191E5D7-71F1-4446-8D1B-724844CE68DB}.Release|Any CPU.Build.0 = Release|Any CPU
	EndGlobalSection
	GlobalSection(SolutionProperties) = preSolution
		HideSolutionNode = FALSE
	EndGlobalSection
	GlobalSection(ExtensibilityGlobals) = postSolution
		SolutionGuid = {6C31C67A-51A6-4CDC-B290-580F28F376ED}
	EndGlobalSection
EndGlobal
